
Microsoft Visual Studio Solution File, Format Version 12.00
# Visual Studio Version 17
VisualStudioVersion = 17.9.34714.143
MinimumVisualStudioVersion = 10.0.40219.1
Project("{9A19103F-16F7-4668-BE54-9A1E7A4F7556}") = "HeroQuest.UI.WPF", "HeroQuest.UI.WPF\HeroQuest.UI.WPF.csproj", "{292B640A-9CA5-4282-AB43-FC85F84DFE02}"
EndProject
Project("{2150E333-8FDC-42A3-9474-1A3956D46DE8}") = "BusinessLayer", "BusinessLayer", "{FE538630-60C5-453D-9B67-5BB422412414}"
EndProject
Project("{2150E333-8FDC-42A3-9474-1A3956D46DE8}") = "ApplicationLayer", "ApplicationLayer", "{060351E3-EB0B-4B79-9382-3B3C2C8DB40B}"
EndProject
Project("{2150E333-8FDC-42A3-9474-1A3956D46DE8}") = "Tests", "Tests", "{4BEBC93B-F725-4EBD-9E96-B3003F1FE905}"
EndProject
Project("{2150E333-8FDC-42A3-9474-1A3956D46DE8}") = "MiddlewareLayer", "MiddlewareLayer", "{27AAE9BF-FFCE-46D7-9CC9-F80D9D771BF2}"
EndProject
Project("{9A19103F-16F7-4668-BE54-9A1E7A4F7556}") = "Attributes", "Attributes\Attributes.csproj", "{74DA6918-B4BF-4F15-9B43-D05FC14EA462}"
EndProject
Project("{2150E333-8FDC-42A3-9474-1A3956D46DE8}") = "Core", "Core", "{00CA6C9A-0BA9-4463-9A89-C68249298DCF}"
EndProject
Project("{9A19103F-16F7-4668-BE54-9A1E7A4F7556}") = "Characters", "Characters\Characters.csproj", "{B4E0C72A-64E3-4F61-8C40-C609460F7249}"
EndProject
Project("{9A19103F-16F7-4668-BE54-9A1E7A4F7556}") = "Effects", "Effects\Effects.csproj", "{3FFA7D75-C2C1-46CE-8A28-433ED1E0F82A}"
EndProject
Project("{9A19103F-16F7-4668-BE54-9A1E7A4F7556}") = "Items", "Items\Items.csproj", "{5C888F31-7E16-477E-98B4-86EB0CC548DF}"
EndProject
Project("{9A19103F-16F7-4668-BE54-9A1E7A4F7556}") = "CharacterTesting", "CharacterTesting\CharacterTesting.csproj", "{1A36D419-CD87-4380-AB49-67C73EB392DE}"
EndProject
Project("{2150E333-8FDC-42A3-9474-1A3956D46DE8}") = "Diagrams", "Diagrams", "{024257AC-765D-4EAC-AA16-C450C27D12C2}"
EndProject
Global
	GlobalSection(SolutionConfigurationPlatforms) = preSolution
		Debug|Any CPU = Debug|Any CPU
		Release|Any CPU = Release|Any CPU
	EndGlobalSection
	GlobalSection(ProjectConfigurationPlatforms) = postSolution
		{292B640A-9CA5-4282-AB43-FC85F84DFE02}.Debug|Any CPU.ActiveCfg = Debug|Any CPU
		{292B640A-9CA5-4282-AB43-FC85F84DFE02}.Debug|Any CPU.Build.0 = Debug|Any CPU
		{292B640A-9CA5-4282-AB43-FC85F84DFE02}.Release|Any CPU.ActiveCfg = Release|Any CPU
		{292B640A-9CA5-4282-AB43-FC85F84DFE02}.Release|Any CPU.Build.0 = Release|Any CPU
		{74DA6918-B4BF-4F15-9B43-D05FC14EA462}.Debug|Any CPU.ActiveCfg = Debug|Any CPU
		{74DA6918-B4BF-4F15-9B43-D05FC14EA462}.Debug|Any CPU.Build.0 = Debug|Any CPU
		{74DA6918-B4BF-4F15-9B43-D05FC14EA462}.Release|Any CPU.ActiveCfg = Release|Any CPU
		{74DA6918-B4BF-4F15-9B43-D05FC14EA462}.Release|Any CPU.Build.0 = Release|Any CPU
		{B4E0C72A-64E3-4F61-8C40-C609460F7249}.Debug|Any CPU.ActiveCfg = Debug|Any CPU
		{B4E0C72A-64E3-4F61-8C40-C609460F7249}.Debug|Any CPU.Build.0 = Debug|Any CPU
		{B4E0C72A-64E3-4F61-8C40-C609460F7249}.Release|Any CPU.ActiveCfg = Release|Any CPU
		{B4E0C72A-64E3-4F61-8C40-C609460F7249}.Release|Any CPU.Build.0 = Release|Any CPU
		{3FFA7D75-C2C1-46CE-8A28-433ED1E0F82A}.Debug|Any CPU.ActiveCfg = Debug|Any CPU
		{3FFA7D75-C2C1-46CE-8A28-433ED1E0F82A}.Debug|Any CPU.Build.0 = Debug|Any CPU
		{3FFA7D75-C2C1-46CE-8A28-433ED1E0F82A}.Release|Any CPU.ActiveCfg = Release|Any CPU
		{3FFA7D75-C2C1-46CE-8A28-433ED1E0F82A}.Release|Any CPU.Build.0 = Release|Any CPU
		{5C888F31-7E16-477E-98B4-86EB0CC548DF}.Debug|Any CPU.ActiveCfg = Debug|Any CPU
		{5C888F31-7E16-477E-98B4-86EB0CC548DF}.Debug|Any CPU.Build.0 = Debug|Any CPU
		{5C888F31-7E16-477E-98B4-86EB0CC548DF}.Release|Any CPU.ActiveCfg = Release|Any CPU
		{5C888F31-7E16-477E-98B4-86EB0CC548DF}.Release|Any CPU.Build.0 = Release|Any CPU
		{1A36D419-CD87-4380-AB49-67C73EB392DE}.Debug|Any CPU.ActiveCfg = Debug|Any CPU
		{1A36D419-CD87-4380-AB49-67C73EB392DE}.Debug|Any CPU.Build.0 = Debug|Any CPU
		{1A36D419-CD87-4380-AB49-67C73EB392DE}.Release|Any CPU.ActiveCfg = Release|Any CPU
		{1A36D419-CD87-4380-AB49-67C73EB392DE}.Release|Any CPU.Build.0 = Release|Any CPU
	EndGlobalSection
	GlobalSection(SolutionProperties) = preSolution
		HideSolutionNode = FALSE
	EndGlobalSection
	GlobalSection(NestedProjects) = preSolution
		{292B640A-9CA5-4282-AB43-FC85F84DFE02} = {060351E3-EB0B-4B79-9382-3B3C2C8DB40B}
		{74DA6918-B4BF-4F15-9B43-D05FC14EA462} = {00CA6C9A-0BA9-4463-9A89-C68249298DCF}
		{00CA6C9A-0BA9-4463-9A89-C68249298DCF} = {FE538630-60C5-453D-9B67-5BB422412414}
		{B4E0C72A-64E3-4F61-8C40-C609460F7249} = {00CA6C9A-0BA9-4463-9A89-C68249298DCF}
		{3FFA7D75-C2C1-46CE-8A28-433ED1E0F82A} = {00CA6C9A-0BA9-4463-9A89-C68249298DCF}
		{5C888F31-7E16-477E-98B4-86EB0CC548DF} = {00CA6C9A-0BA9-4463-9A89-C68249298DCF}
		{1A36D419-CD87-4380-AB49-67C73EB392DE} = {4BEBC93B-F725-4EBD-9E96-B3003F1FE905}
	EndGlobalSection
	GlobalSection(ExtensibilityGlobals) = postSolution
		SolutionGuid = {08E1ED14-2C24-4CF8-AA59-FDEDCB66AF9A}
	EndGlobalSection
EndGlobal
